PODS:
  - country_codes (0.0.1):
    - Flutter
  - Flutter (1.0.0)
  - flutter_mongodb_realm (0.0.1):
    - Flutter
    - RealmSwift (= 10.1.4)
    - StitchSDK (= 6.4.0)
  - mongo-embedded-c-driver (1.13.0-4.0.4)
  - mongo_embedded (4.0.4)
  - mongoc_embedded (4.0.4):
    - mongo-embedded-c-driver (~> 1.13.0-4.0.4)
    - mongo_embedded (~> 4.0.4)
  - MongoMobile (0.1.0):
    - mongo_embedded (~> 4.0.4)
    - mongoc_embedded (~> 4.0.4)
    - MongoSwift (~> 0.1.0)
  - MongoSwift (0.1.0):
    - mongo-embedded-c-driver (~> 1.13.0-4.0.0)
  - path_provider (0.0.1):
    - Flutter
  - Realm (10.1.4):
    - Realm/Headers (= 10.1.4)
  - Realm/Headers (10.1.4)
  - RealmSwift (10.1.4):
    - Realm (= 10.1.4)
  - shared_preferences (0.0.1):
    - Flutter
  - StitchCore (6.4.0):
    - StitchCoreSDK (= 6.4.0)
  - StitchCoreLocalMongoDBService (6.4.0):
    - MongoMobile (= 0.1.0)
    - StitchCoreSDK (= 6.4.0)
  - StitchCoreRemoteMongoDBService (6.4.0):
    - StitchCoreLocalMongoDBService (= 6.4.0)
    - StitchCoreSDK (= 6.4.0)
  - StitchCoreSDK (6.4.0):
    - MongoSwift (= 0.1.0)
  - StitchRemoteMongoDBService (6.4.0):
    - StitchCore (= 6.4.0)
    - StitchCoreRemoteMongoDBService (= 6.4.0)
  - StitchSDK (6.4.0):
    - StitchSDK/StitchSDK (= 6.4.0)
  - StitchSDK/StitchRemoteMongoDBService (6.4.0):
    - StitchRemoteMongoDBService (= 6.4.0)
  - StitchSDK/StitchSDK (6.4.0):
    - StitchSDK/StitchRemoteMongoDBService
  - streams_channel (0.0.1):
    - Flutter
  - video_player (0.0.1):
    - Flutter
  - wakelock (0.0.1):
    - Flutter
  - webview_flutter (0.0.1):
    - Flutter

DEPENDENCIES:
  - country_codes (from `.symlinks/plugins/country_codes/ios`)
  - Flutter (from `Flutter`)
  - flutter_mongodb_realm (from `.symlinks/plugins/flutter_mongodb_realm/ios`)
  - path_provider (from `.symlinks/plugins/path_provider/ios`)
  - shared_preferences (from `.symlinks/plugins/shared_preferences/ios`)
  - streams_channel (from `.symlinks/plugins/streams_channel/ios`)
  - video_player (from `.symlinks/plugins/video_player/ios`)
  - wakelock (from `.symlinks/plugins/wakelock/ios`)
  - webview_flutter (from `.symlinks/plugins/webview_flutter/ios`)

SPEC REPOS:
  trunk:
    - mongo-embedded-c-driver
    - mongo_embedded
    - mongoc_embedded
    - MongoMobile
    - MongoSwift
    - Realm
    - RealmSwift
    - StitchCore
    - StitchCoreLocalMongoDBService
    - StitchCoreRemoteMongoDBService
    - StitchCoreSDK
    - StitchRemoteMongoDBService
    - StitchSDK

EXTERNAL SOURCES:
  country_codes:
    :path: ".symlinks/plugins/country_codes/ios"
  Flutter:
    :path: Flutter
  flutter_mongodb_realm:
    :path: ".symlinks/plugins/flutter_mongodb_realm/ios"
  path_provider:
    :path: ".symlinks/plugins/path_provider/ios"
  shared_preferences:
    :path: ".symlinks/plugins/shared_preferences/ios"
  streams_channel:
    :path: ".symlinks/plugins/streams_channel/ios"
  video_player:
    :path: ".symlinks/plugins/video_player/ios"
  wakelock:
    :path: ".symlinks/plugins/wakelock/ios"
  webview_flutter:
    :path: ".symlinks/plugins/webview_flutter/ios"

SPEC CHECKSUMS:
  country_codes: b0900f46ad686281d5dab438e354e44ad10f5941
  Flutter: 434fef37c0980e73bb6479ef766c45957d4b510c
  flutter_mongodb_realm: 5f6d844ecbc825339ad64c68c3ffc83facfc8c06
  mongo-embedded-c-driver: b46360baa15fc142baae80628822f26663220bde
  mongo_embedded: e413134eb6b60544e7278add03007f8fe384a00c
  mongoc_embedded: 41aadbb756b07070d6f0471192a84750cb42c580
  MongoMobile: 988e8d2fd322761d6358570dde8a2b3d44801823
  MongoSwift: e20f86eae1beb06bbba49c2d73bb570961cc4c85
  path_provider: abfe2b5c733d04e238b0d8691db0cfd63a27a93c
  Realm: 80f4fb2971ccb9adc27a47d0955ae8e533a7030b
  RealmSwift: 0e566ca714edb377bba8ea0811eafcea0b93734e
  shared_preferences: af6bfa751691cdc24be3045c43ec037377ada40d
  StitchCore: 344f59b617dd5be8c32f0a2fdef39fb96591fc33
  StitchCoreLocalMongoDBService: 26c339ea689d9633b33e266274406e7b4c3f2786
  StitchCoreRemoteMongoDBService: e328908dde887cb3a9e3465793b37b69cb19c0e7
  StitchCoreSDK: 4c4b847470229535a66f8ba6b2911c2eafc0d866
  StitchRemoteMongoDBService: f5befbafb01720c4d7193e054907fa0ebff569f0
  StitchSDK: 198397b6400c1fdd58e3e78300fe60374c700fe9
  streams_channel: 16855ffd0568eded9563b2fec6a1bfa94420b353
  video_player: 9cc823b1d9da7e8427ee591e8438bfbcde500e6e
  wakelock: bfc7955c418d0db797614075aabbc58a39ab5107
  webview_flutter: d2b4d6c66968ad042ad94cbb791f5b72b4678a96

PODFILE CHECKSUM: 7368163408c647b7eb699d0d788ba6718e18fb8d

COCOAPODS: 1.10.1
